
Microsoft Visual Studio Solution File, Format Version 12.00
# Visual Studio Version 17
VisualStudioVersion = 17.9.34714.143
MinimumVisualStudioVersion = 10.0.40219.1
Project("{9A19103F-16F7-4668-BE54-9A1E7A4F7556}") = "Locations.UI", "Locations.UI\Locations.UI.csproj", "{A9B0659D-1F51-4B95-906E-4659677BF37A}"
EndProject
Project("{FAE04EC0-301F-11D3-BF4B-00C04F79EFBC}") = "Locations.Models", "Locations.Models\Locations.Models.csproj", "{22D8B089-9B0F-4A97-8F86-BC58BCBC0FFF}"
EndProject
Project("{FAE04EC0-301F-11D3-BF4B-00C04F79EFBC}") = "Locations.Data", "Locations.Data\Locations.Data.csproj", "{ADDF3524-2EF2-4CD1-9662-FB8A42199D65}"
EndProject
Global
	GlobalSection(SolutionConfigurationPlatforms) = preSolution
		Debug|Any CPU = Debug|Any CPU
		Release|Any CPU = Release|Any CPU
	EndGlobalSection
	GlobalSection(ProjectConfigurationPlatforms) = postSolution
		{A9B0659D-1F51-4B95-906E-4659677BF37A}.Debug|Any CPU.ActiveCfg = Debug|Any CPU
		{A9B0659D-1F51-4B95-906E-4659677BF37A}.Debug|Any CPU.Build.0 = Debug|Any CPU
		{A9B0659D-1F51-4B95-906E-4659677BF37A}.Release|Any CPU.ActiveCfg = Release|Any CPU
		{A9B0659D-1F51-4B95-906E-4659677BF37A}.Release|Any CPU.Build.0 = Release|Any CPU
		{22D8B089-9B0F-4A97-8F86-BC58BCBC0FFF}.Debug|Any CPU.ActiveCfg = Debug|Any CPU
		{22D8B089-9B0F-4A97-8F86-BC58BCBC0FFF}.Debug|Any CPU.Build.0 = Debug|Any CPU
		{22D8B089-9B0F-4A97-8F86-BC58BCBC0FFF}.Release|Any CPU.ActiveCfg = Release|Any CPU
		{22D8B089-9B0F-4A97-8F86-BC58BCBC0FFF}.Release|Any CPU.Build.0 = Release|Any CPU
		{ADDF3524-2EF2-4CD1-9662-FB8A42199D65}.Debug|Any CPU.ActiveCfg = Debug|Any CPU
		{ADDF3524-2EF2-4CD1-9662-FB8A42199D65}.Debug|Any CPU.Build.0 = Debug|Any CPU
		{ADDF3524-2EF2-4CD1-9662-FB8A42199D65}.Release|Any CPU.ActiveCfg = Release|Any CPU
		{ADDF3524-2EF2-4CD1-9662-FB8A42199D65}.Release|Any CPU.Build.0 = Release|Any CPU
	EndGlobalSection
	GlobalSection(SolutionProperties) = preSolution
		HideSolutionNode = FALSE
	EndGlobalSection
	GlobalSection(ExtensibilityGlobals) = postSolution
		SolutionGuid = {CC13FDEA-D61A-4FCC-B2E2-2DAF80653D31}
	EndGlobalSection
EndGlobal
